// !$*UTF8*$!
{
	archiveVersion = 1;
	classes = {
	};
	objectVersion = 56;
	objects = {

/* Begin PBXBuildFile section */
		89010D842B2DF6C100F708DA /* headerSheetTypes.swift in Sources */ = {isa = PBXBuildFile; fileRef = 89010D832B2DF6C100F708DA /* headerSheetTypes.swift */; };
		8947951D2B27C2E700ECA010 /* BudsApp.swift in Sources */ = {isa = PBXBuildFile; fileRef = 8947951C2B27C2E700ECA010 /* BudsApp.swift */; };
		894795212B27C2E800ECA010 /* Assets.xcassets in Resources */ = {isa = PBXBuildFile; fileRef = 894795202B27C2E800ECA010 /* Assets.xcassets */; };
		894795242B27C2E800ECA010 /* Preview Assets.xcassets in Resources */ = {isa = PBXBuildFile; fileRef = 894795232B27C2E800ECA010 /* Preview Assets.xcassets */; };
		8947952E2B27C2E800ECA010 /* BudsTests.swift in Sources */ = {isa = PBXBuildFile; fileRef = 8947952D2B27C2E800ECA010 /* BudsTests.swift */; };
		894795382B27C2E800ECA010 /* BudsUITests.swift in Sources */ = {isa = PBXBuildFile; fileRef = 894795372B27C2E800ECA010 /* BudsUITests.swift */; };
		8947953A2B27C2E800ECA010 /* BudsUITestsLaunchTests.swift in Sources */ = {isa = PBXBuildFile; fileRef = 894795392B27C2E800ECA010 /* BudsUITestsLaunchTests.swift */; };
		8947954F2B27E36F00ECA010 /* Muli-Light.ttf in Resources */ = {isa = PBXBuildFile; fileRef = 8947954B2B27DDD900ECA010 /* Muli-Light.ttf */; };
		894795502B27E36F00ECA010 /* Muli-Bold.ttf in Resources */ = {isa = PBXBuildFile; fileRef = 8947954C2B27DDD900ECA010 /* Muli-Bold.ttf */; };
		894795512B27E36F00ECA010 /* Muli-SemiBold.ttf in Resources */ = {isa = PBXBuildFile; fileRef = 8947954E2B27DDD900ECA010 /* Muli-SemiBold.ttf */; };
		894795522B27E36F00ECA010 /* Muli.ttf in Resources */ = {isa = PBXBuildFile; fileRef = 8947954D2B27DDD900ECA010 /* Muli.ttf */; };
		894795552B27E55F00ECA010 /* Font+Extentions.swift in Sources */ = {isa = PBXBuildFile; fileRef = 894795542B27E55F00ECA010 /* Font+Extentions.swift */; };
		899447F82B288046001B0567 /* BButtons.swift in Sources */ = {isa = PBXBuildFile; fileRef = 899447F72B288046001B0567 /* BButtons.swift */; };
		899447FE2B291E75001B0567 /* HomeView.swift in Sources */ = {isa = PBXBuildFile; fileRef = 899447FD2B291E75001B0567 /* HomeView.swift */; };
		899448002B291F95001B0567 /* Image+Extensions.swift in Sources */ = {isa = PBXBuildFile; fileRef = 899447FF2B291F95001B0567 /* Image+Extensions.swift */; };
		899448032B292F06001B0567 /* SearchView.swift in Sources */ = {isa = PBXBuildFile; fileRef = 899448022B292F06001B0567 /* SearchView.swift */; };
		899448062B2BAFFB001B0567 /* BBottomSheet.swift in Sources */ = {isa = PBXBuildFile; fileRef = 899448052B2BAFFB001B0567 /* BBottomSheet.swift */; };
		89F2041A2B2CF96B0028B511 /* View+Extensions.swift in Sources */ = {isa = PBXBuildFile; fileRef = 89F204192B2CF96B0028B511 /* View+Extensions.swift */; };
/* End PBXBuildFile section */

/* Begin PBXContainerItemProxy section */
		8947952A2B27C2E800ECA010 /* PBXContainerItemProxy */ = {
			isa = PBXContainerItemProxy;
			containerPortal = 894795112B27C2E700ECA010 /* Project object */;
			proxyType = 1;
			remoteGlobalIDString = 894795182B27C2E700ECA010;
			remoteInfo = Buds;
		};
		894795342B27C2E800ECA010 /* PBXContainerItemProxy */ = {
			isa = PBXContainerItemProxy;
			containerPortal = 894795112B27C2E700ECA010 /* Project object */;
			proxyType = 1;
			remoteGlobalIDString = 894795182B27C2E700ECA010;
			remoteInfo = Buds;
		};
/* End PBXContainerItemProxy section */

/* Begin PBXFileReference section */
		89010D832B2DF6C100F708DA /* headerSheetTypes.swift */ = {isa = PBXFileReference; lastKnownFileType = sourcecode.swift; path = headerSheetTypes.swift; sourceTree = "<group>"; };
		894795192B27C2E700ECA010 /* Buds.app */ = {isa = PBXFileReference; explicitFileType = wrapper.application; includeInIndex = 0; path = Buds.app; sourceTree = BUILT_PRODUCTS_DIR; };
		8947951C2B27C2E700ECA010 /* BudsApp.swift */ = {isa = PBXFileReference; lastKnownFileType = sourcecode.swift; path = BudsApp.swift; sourceTree = "<group>"; };
		894795202B27C2E800ECA010 /* Assets.xcassets */ = {isa = PBXFileReference; lastKnownFileType = folder.assetcatalog; path = Assets.xcassets; sourceTree = "<group>"; };
		894795232B27C2E800ECA010 /* Preview Assets.xcassets */ = {isa = PBXFileReference; lastKnownFileType = folder.assetcatalog; path = "Preview Assets.xcassets"; sourceTree = "<group>"; };
		894795292B27C2E800ECA010 /* BudsTests.xctest */ = {isa = PBXFileReference; explicitFileType = wrapper.cfbundle; includeInIndex = 0; path = BudsTests.xctest; sourceTree = BUILT_PRODUCTS_DIR; };
		8947952D2B27C2E800ECA010 /* BudsTests.swift */ = {isa = PBXFileReference; lastKnownFileType = sourcecode.swift; path = BudsTests.swift; sourceTree = "<group>"; };
		894795332B27C2E800ECA010 /* BudsUITests.xctest */ = {isa = PBXFileReference; explicitFileType = wrapper.cfbundle; includeInIndex = 0; path = BudsUITests.xctest; sourceTree = BUILT_PRODUCTS_DIR; };
		894795372B27C2E800ECA010 /* BudsUITests.swift */ = {isa = PBXFileReference; lastKnownFileType = sourcecode.swift; path = BudsUITests.swift; sourceTree = "<group>"; };
		894795392B27C2E800ECA010 /* BudsUITestsLaunchTests.swift */ = {isa = PBXFileReference; lastKnownFileType = sourcecode.swift; path = BudsUITestsLaunchTests.swift; sourceTree = "<group>"; };
		8947954B2B27DDD900ECA010 /* Muli-Light.ttf */ = {isa = PBXFileReference; lastKnownFileType = file; path = "Muli-Light.ttf"; sourceTree = "<group>"; };
		8947954C2B27DDD900ECA010 /* Muli-Bold.ttf */ = {isa = PBXFileReference; lastKnownFileType = file; path = "Muli-Bold.ttf"; sourceTree = "<group>"; };
		8947954D2B27DDD900ECA010 /* Muli.ttf */ = {isa = PBXFileReference; lastKnownFileType = file; path = Muli.ttf; sourceTree = "<group>"; };
		8947954E2B27DDD900ECA010 /* Muli-SemiBold.ttf */ = {isa = PBXFileReference; lastKnownFileType = file; path = "Muli-SemiBold.ttf"; sourceTree = "<group>"; };
		894795532B27E4D100ECA010 /* Info.plist */ = {isa = PBXFileReference; lastKnownFileType = text.plist.xml; path = Info.plist; sourceTree = "<group>"; };
		894795542B27E55F00ECA010 /* Font+Extentions.swift */ = {isa = PBXFileReference; lastKnownFileType = sourcecode.swift; path = "Font+Extentions.swift"; sourceTree = "<group>"; };
		899447F72B288046001B0567 /* BButtons.swift */ = {isa = PBXFileReference; lastKnownFileType = sourcecode.swift; path = BButtons.swift; sourceTree = "<group>"; };
		899447FD2B291E75001B0567 /* HomeView.swift */ = {isa = PBXFileReference; lastKnownFileType = sourcecode.swift; path = HomeView.swift; sourceTree = "<group>"; };
		899447FF2B291F95001B0567 /* Image+Extensions.swift */ = {isa = PBXFileReference; lastKnownFileType = sourcecode.swift; path = "Image+Extensions.swift"; sourceTree = "<group>"; };
		899448022B292F06001B0567 /* SearchView.swift */ = {isa = PBXFileReference; lastKnownFileType = sourcecode.swift; path = SearchView.swift; sourceTree = "<group>"; };
		899448052B2BAFFB001B0567 /* BBottomSheet.swift */ = {isa = PBXFileReference; lastKnownFileType = sourcecode.swift; path = BBottomSheet.swift; sourceTree = "<group>"; };
		89F204192B2CF96B0028B511 /* View+Extensions.swift */ = {isa = PBXFileReference; lastKnownFileType = sourcecode.swift; path = "View+Extensions.swift"; sourceTree = "<group>"; };
/* End PBXFileReference section */

/* Begin PBXFrameworksBuildPhase section */
		894795162B27C2E700ECA010 /* Frameworks */ = {
			isa = PBXFrameworksBuildPhase;
			buildActionMask = 2147483647;
			files = (
			);
			runOnlyForDeploymentPostprocessing = 0;
		};
		894795262B27C2E800ECA010 /* Frameworks */ = {
			isa = PBXFrameworksBuildPhase;
			buildActionMask = 2147483647;
			files = (
			);
			runOnlyForDeploymentPostprocessing = 0;
		};
		894795302B27C2E800ECA010 /* Frameworks */ = {
			isa = PBXFrameworksBuildPhase;
			buildActionMask = 2147483647;
			files = (
			);
			runOnlyForDeploymentPostprocessing = 0;
		};
/* End PBXFrameworksBuildPhase section */

/* Begin PBXGroup section */
		89010D822B2DF6A800F708DA /* Enums */ = {
			isa = PBXGroup;
			children = (
				89010D832B2DF6C100F708DA /* headerSheetTypes.swift */,
			);
			path = Enums;
			sourceTree = "<group>";
		};
		894795102B27C2E700ECA010 = {
			isa = PBXGroup;
			children = (
				8947951B2B27C2E700ECA010 /* Buds */,
				8947952C2B27C2E800ECA010 /* BudsTests */,
				894795362B27C2E800ECA010 /* BudsUITests */,
				8947951A2B27C2E700ECA010 /* Products */,
			);
			sourceTree = "<group>";
		};
		8947951A2B27C2E700ECA010 /* Products */ = {
			isa = PBXGroup;
			children = (
				894795192B27C2E700ECA010 /* Buds.app */,
				894795292B27C2E800ECA010 /* BudsTests.xctest */,
				894795332B27C2E800ECA010 /* BudsUITests.xctest */,
			);
			name = Products;
			sourceTree = "<group>";
		};
		8947951B2B27C2E700ECA010 /* Buds */ = {
			isa = PBXGroup;
			children = (
				89F204182B2CF9350028B511 /* Core */,
				894795532B27E4D100ECA010 /* Info.plist */,
				8947951C2B27C2E700ECA010 /* BudsApp.swift */,
				899447F92B291399001B0567 /* Scenes */,
				894795492B27DD9E00ECA010 /* Resources */,
				894795222B27C2E800ECA010 /* Preview Content */,
			);
			path = Buds;
			sourceTree = "<group>";
		};
		894795222B27C2E800ECA010 /* Preview Content */ = {
			isa = PBXGroup;
			children = (
				894795232B27C2E800ECA010 /* Preview Assets.xcassets */,
			);
			path = "Preview Content";
			sourceTree = "<group>";
		};
		8947952C2B27C2E800ECA010 /* BudsTests */ = {
			isa = PBXGroup;
			children = (
				8947952D2B27C2E800ECA010 /* BudsTests.swift */,
			);
			path = BudsTests;
			sourceTree = "<group>";
		};
		894795362B27C2E800ECA010 /* BudsUITests */ = {
			isa = PBXGroup;
			children = (
				894795372B27C2E800ECA010 /* BudsUITests.swift */,
				894795392B27C2E800ECA010 /* BudsUITestsLaunchTests.swift */,
			);
			path = BudsUITests;
			sourceTree = "<group>";
		};
		894795462B27C43F00ECA010 /* Components */ = {
			isa = PBXGroup;
			children = (
				89010D822B2DF6A800F708DA /* Enums */,
				899447F72B288046001B0567 /* BButtons.swift */,
				899448052B2BAFFB001B0567 /* BBottomSheet.swift */,
			);
			path = Components;
			sourceTree = "<group>";
		};
		894795492B27DD9E00ECA010 /* Resources */ = {
			isa = PBXGroup;
			children = (
				8947954A2B27DDB400ECA010 /* Fonts */,
				894795202B27C2E800ECA010 /* Assets.xcassets */,
			);
			path = Resources;
			sourceTree = "<group>";
		};
		8947954A2B27DDB400ECA010 /* Fonts */ = {
			isa = PBXGroup;
			children = (
				8947954C2B27DDD900ECA010 /* Muli-Bold.ttf */,
				8947954B2B27DDD900ECA010 /* Muli-Light.ttf */,
				8947954E2B27DDD900ECA010 /* Muli-SemiBold.ttf */,
				8947954D2B27DDD900ECA010 /* Muli.ttf */,
			);
			path = Fonts;
			sourceTree = "<group>";
		};
		899447F92B291399001B0567 /* Scenes */ = {
			isa = PBXGroup;
			children = (
				899448012B292EEB001B0567 /* Search */,
				899447FA2B291E19001B0567 /* Home */,
			);
			path = Scenes;
			sourceTree = "<group>";
		};
		899447FA2B291E19001B0567 /* Home */ = {
			isa = PBXGroup;
			children = (
				899447FD2B291E75001B0567 /* HomeView.swift */,
			);
			path = Home;
			sourceTree = "<group>";
		};
		899448012B292EEB001B0567 /* Search */ = {
			isa = PBXGroup;
			children = (
				899448022B292F06001B0567 /* SearchView.swift */,
			);
			path = Search;
			sourceTree = "<group>";
		};
		89F204172B2CF9290028B511 /* Extensions */ = {
			isa = PBXGroup;
			children = (
				894795542B27E55F00ECA010 /* Font+Extentions.swift */,
				899447FF2B291F95001B0567 /* Image+Extensions.swift */,
				89F204192B2CF96B0028B511 /* View+Extensions.swift */,
			);
			path = Extensions;
			sourceTree = "<group>";
		};
		89F204182B2CF9350028B511 /* Core */ = {
			isa = PBXGroup;
			children = (
				89F204172B2CF9290028B511 /* Extensions */,
				894795462B27C43F00ECA010 /* Components */,
			);
			path = Core;
			sourceTree = "<group>";
		};
/* End PBXGroup section */

/* Begin PBXNativeTarget section */
		894795182B27C2E700ECA010 /* Buds */ = {
			isa = PBXNativeTarget;
			buildConfigurationList = 8947953D2B27C2E800ECA010 /* Build configuration list for PBXNativeTarget "Buds" */;
			buildPhases = (
				894795152B27C2E700ECA010 /* Sources */,
				894795162B27C2E700ECA010 /* Frameworks */,
				894795172B27C2E700ECA010 /* Resources */,
			);
			buildRules = (
			);
			dependencies = (
			);
			name = Buds;
			productName = Buds;
			productReference = 894795192B27C2E700ECA010 /* Buds.app */;
			productType = "com.apple.product-type.application";
		};
		894795282B27C2E800ECA010 /* BudsTests */ = {
			isa = PBXNativeTarget;
			buildConfigurationList = 894795402B27C2E800ECA010 /* Build configuration list for PBXNativeTarget "BudsTests" */;
			buildPhases = (
				894795252B27C2E800ECA010 /* Sources */,
				894795262B27C2E800ECA010 /* Frameworks */,
				894795272B27C2E800ECA010 /* Resources */,
			);
			buildRules = (
			);
			dependencies = (
				8947952B2B27C2E800ECA010 /* PBXTargetDependency */,
			);
			name = BudsTests;
			productName = BudsTests;
			productReference = 894795292B27C2E800ECA010 /* BudsTests.xctest */;
			productType = "com.apple.product-type.bundle.unit-test";
		};
		894795322B27C2E800ECA010 /* BudsUITests */ = {
			isa = PBXNativeTarget;
			buildConfigurationList = 894795432B27C2E800ECA010 /* Build configuration list for PBXNativeTarget "BudsUITests" */;
			buildPhases = (
				8947952F2B27C2E800ECA010 /* Sources */,
				894795302B27C2E800ECA010 /* Frameworks */,
				894795312B27C2E800ECA010 /* Resources */,
			);
			buildRules = (
			);
			dependencies = (
				894795352B27C2E800ECA010 /* PBXTargetDependency */,
			);
			name = BudsUITests;
			productName = BudsUITests;
			productReference = 894795332B27C2E800ECA010 /* BudsUITests.xctest */;
			productType = "com.apple.product-type.bundle.ui-testing";
		};
/* End PBXNativeTarget section */

/* Begin PBXProject section */
		894795112B27C2E700ECA010 /* Project object */ = {
			isa = PBXProject;
			attributes = {
				BuildIndependentTargetsInParallel = 1;
				LastSwiftUpdateCheck = 1500;
				LastUpgradeCheck = 1500;
				TargetAttributes = {
					894795182B27C2E700ECA010 = {
						CreatedOnToolsVersion = 15.0.1;
					};
					894795282B27C2E800ECA010 = {
						CreatedOnToolsVersion = 15.0.1;
						TestTargetID = 894795182B27C2E700ECA010;
					};
					894795322B27C2E800ECA010 = {
						CreatedOnToolsVersion = 15.0.1;
						TestTargetID = 894795182B27C2E700ECA010;
					};
				};
			};
			buildConfigurationList = 894795142B27C2E700ECA010 /* Build configuration list for PBXProject "Buds" */;
			compatibilityVersion = "Xcode 14.0";
			developmentRegion = en;
			hasScannedForEncodings = 0;
			knownRegions = (
				en,
				Base,
			);
			mainGroup = 894795102B27C2E700ECA010;
			productRefGroup = 8947951A2B27C2E700ECA010 /* Products */;
			projectDirPath = "";
			projectRoot = "";
			targets = (
				894795182B27C2E700ECA010 /* Buds */,
				894795282B27C2E800ECA010 /* BudsTests */,
				894795322B27C2E800ECA010 /* BudsUITests */,
			);
		};
/* End PBXProject section */

/* Begin PBXResourcesBuildPhase section */
		894795172B27C2E700ECA010 /* Resources */ = {
			isa = PBXResourcesBuildPhase;
			buildActionMask = 2147483647;
			files = (
				894795242B27C2E800ECA010 /* Preview Assets.xcassets in Resources */,
				8947954F2B27E36F00ECA010 /* Muli-Light.ttf in Resources */,
				894795502B27E36F00ECA010 /* Muli-Bold.ttf in Resources */,
				894795522B27E36F00ECA010 /* Muli.ttf in Resources */,
				894795212B27C2E800ECA010 /* Assets.xcassets in Resources */,
				894795512B27E36F00ECA010 /* Muli-SemiBold.ttf in Resources */,
			);
			runOnlyForDeploymentPostprocessing = 0;
		};
		894795272B27C2E800ECA010 /* Resources */ = {
			isa = PBXResourcesBuildPhase;
			buildActionMask = 2147483647;
			files = (
			);
			runOnlyForDeploymentPostprocessing = 0;
		};
		894795312B27C2E800ECA010 /* Resources */ = {
			isa = PBXResourcesBuildPhase;
			buildActionMask = 2147483647;
			files = (
			);
			runOnlyForDeploymentPostprocessing = 0;
		};
/* End PBXResourcesBuildPhase section */

/* Begin PBXSourcesBuildPhase section */
		894795152B27C2E700ECA010 /* Sources */ = {
			isa = PBXSourcesBuildPhase;
			buildActionMask = 2147483647;
			files = (
				899448002B291F95001B0567 /* Image+Extensions.swift in Sources */,
				894795552B27E55F00ECA010 /* Font+Extentions.swift in Sources */,
				899447F82B288046001B0567 /* BButtons.swift in Sources */,
				899448032B292F06001B0567 /* SearchView.swift in Sources */,
				899447FE2B291E75001B0567 /* HomeView.swift in Sources */,
				8947951D2B27C2E700ECA010 /* BudsApp.swift in Sources */,
				89F2041A2B2CF96B0028B511 /* View+Extensions.swift in Sources */,
				89010D842B2DF6C100F708DA /* headerSheetTypes.swift in Sources */,
				899448062B2BAFFB001B0567 /* BBottomSheet.swift in Sources */,
			);
			runOnlyForDeploymentPostprocessing = 0;
		};
		894795252B27C2E800ECA010 /* Sources */ = {
			isa = PBXSourcesBuildPhase;
			buildActionMask = 2147483647;
			files = (
				8947952E2B27C2E800ECA010 /* BudsTests.swift in Sources */,
			);
			runOnlyForDeploymentPostprocessing = 0;
		};
		8947952F2B27C2E800ECA010 /* Sources */ = {
			isa = PBXSourcesBuildPhase;
			buildActionMask = 2147483647;
			files = (
				8947953A2B27C2E800ECA010 /* BudsUITestsLaunchTests.swift in Sources */,
				894795382B27C2E800ECA010 /* BudsUITests.swift in Sources */,
			);
			runOnlyForDeploymentPostprocessing = 0;
		};
/* End PBXSourcesBuildPhase section */

/* Begin PBXTargetDependency section */
		8947952B2B27C2E800ECA010 /* PBXTargetDependency */ = {
			isa = PBXTargetDependency;
			target = 894795182B27C2E700ECA010 /* Buds */;
			targetProxy = 8947952A2B27C2E800ECA010 /* PBXContainerItemProxy */;
		};
		894795352B27C2E800ECA010 /* PBXTargetDependency */ = {
			isa = PBXTargetDependency;
			target = 894795182B27C2E700ECA010 /* Buds */;
			targetProxy = 894795342B27C2E800ECA010 /* PBXContainerItemProxy */;
		};
/* End PBXTargetDependency section */

/* Begin XCBuildConfiguration section */
		8947953B2B27C2E800ECA010 /* Debug */ = {
			isa = XCBuildConfiguration;
			buildSettings = {
				ALWAYS_SEARCH_USER_PATHS = NO;
				ASSETCATALOG_COMPILER_GENERATE_SWIFT_ASSET_SYMBOL_EXTENSIONS = YES;
				CLANG_ANALYZER_NONNULL = YES;
				CLANG_ANALYZER_NUMBER_OBJECT_CONVERSION = YES_AGGRESSIVE;
				CLANG_CXX_LANGUAGE_STANDARD = "gnu++20";
				CLANG_ENABLE_MODULES = YES;
				CLANG_ENABLE_OBJC_ARC = YES;
				CLANG_ENABLE_OBJC_WEAK = YES;
				CLANG_WARN_BLOCK_CAPTURE_AUTORELEASING = YES;
				CLANG_WARN_BOOL_CONVERSION = YES;
				CLANG_WARN_COMMA = YES;
				CLANG_WARN_CONSTANT_CONVERSION = YES;
				CLANG_WARN_DEPRECATED_OBJC_IMPLEMENTATIONS = YES;
				CLANG_WARN_DIRECT_OBJC_ISA_USAGE = YES_ERROR;
				CLANG_WARN_DOCUMENTATION_COMMENTS = YES;
				CLANG_WARN_EMPTY_BODY = YES;
				CLANG_WARN_ENUM_CONVERSION = YES;
				CLANG_WARN_INFINITE_RECURSION = YES;
				CLANG_WARN_INT_CONVERSION = YES;
				CLANG_WARN_NON_LITERAL_NULL_CONVERSION = YES;
				CLANG_WARN_OBJC_IMPLICIT_RETAIN_SELF = YES;
				CLANG_WARN_OBJC_LITERAL_CONVERSION = YES;
				CLANG_WARN_OBJC_ROOT_CLASS = YES_ERROR;
				CLANG_WARN_QUOTED_INCLUDE_IN_FRAMEWORK_HEADER = YES;
				CLANG_WARN_RANGE_LOOP_ANALYSIS = YES;
				CLANG_WARN_STRICT_PROTOTYPES = YES;
				CLANG_WARN_SUSPICIOUS_MOVE = YES;
				CLANG_WARN_UNGUARDED_AVAILABILITY = YES_AGGRESSIVE;
				CLANG_WARN_UNREACHABLE_CODE = YES;
				CLANG_WARN__DUPLICATE_METHOD_MATCH = YES;
				COPY_PHASE_STRIP = NO;
				DEBUG_INFORMATION_FORMAT = dwarf;
				ENABLE_STRICT_OBJC_MSGSEND = YES;
				ENABLE_TESTABILITY = YES;
				ENABLE_USER_SCRIPT_SANDBOXING = YES;
				GCC_C_LANGUAGE_STANDARD = gnu17;
				GCC_DYNAMIC_NO_PIC = NO;
				GCC_NO_COMMON_BLOCKS = YES;
				GCC_OPTIMIZATION_LEVEL = 0;
				GCC_PREPROCESSOR_DEFINITIONS = (
					"DEBUG=1",
					"$(inherited)",
				);
				GCC_WARN_64_TO_32_BIT_CONVERSION = YES;
				GCC_WARN_ABOUT_RETURN_TYPE = YES_ERROR;
				GCC_WARN_UNDECLARED_SELECTOR = YES;
				GCC_WARN_UNINITIALIZED_AUTOS = YES_AGGRESSIVE;
				GCC_WARN_UNUSED_FUNCTION = YES;
				GCC_WARN_UNUSED_VARIABLE = YES;
				IPHONEOS_DEPLOYMENT_TARGET = 17.0;
				LOCALIZATION_PREFERS_STRING_CATALOGS = YES;
				MTL_ENABLE_DEBUG_INFO = INCLUDE_SOURCE;
				MTL_FAST_MATH = YES;
				ONLY_ACTIVE_ARCH = YES;
				SDKROOT = iphoneos;
				SWIFT_ACTIVE_COMPILATION_CONDITIONS = "DEBUG $(inherited)";
				SWIFT_OPTIMIZATION_LEVEL = "-Onone";
			};
			name = Debug;
		};
		8947953C2B27C2E800ECA010 /* Release */ = {
			isa = XCBuildConfiguration;
			buildSettings = {
				ALWAYS_SEARCH_USER_PATHS = NO;
				ASSETCATALOG_COMPILER_GENERATE_SWIFT_ASSET_SYMBOL_EXTENSIONS = YES;
				CLANG_ANALYZER_NONNULL = YES;
				CLANG_ANALYZER_NUMBER_OBJECT_CONVERSION = YES_AGGRESSIVE;
				CLANG_CXX_LANGUAGE_STANDARD = "gnu++20";
				CLANG_ENABLE_MODULES = YES;
				CLANG_ENABLE_OBJC_ARC = YES;
				CLANG_ENABLE_OBJC_WEAK = YES;
				CLANG_WARN_BLOCK_CAPTURE_AUTORELEASING = YES;
				CLANG_WARN_BOOL_CONVERSION = YES;
				CLANG_WARN_COMMA = YES;
				CLANG_WARN_CONSTANT_CONVERSION = YES;
				CLANG_WARN_DEPRECATED_OBJC_IMPLEMENTATIONS = YES;
				CLANG_WARN_DIRECT_OBJC_ISA_USAGE = YES_ERROR;
				CLANG_WARN_DOCUMENTATION_COMMENTS = YES;
				CLANG_WARN_EMPTY_BODY = YES;
				CLANG_WARN_ENUM_CONVERSION = YES;
				CLANG_WARN_INFINITE_RECURSION = YES;
				CLANG_WARN_INT_CONVERSION = YES;
				CLANG_WARN_NON_LITERAL_NULL_CONVERSION = YES;
				CLANG_WARN_OBJC_IMPLICIT_RETAIN_SELF = YES;
				CLANG_WARN_OBJC_LITERAL_CONVERSION = YES;
				CLANG_WARN_OBJC_ROOT_CLASS = YES_ERROR;
				CLANG_WARN_QUOTED_INCLUDE_IN_FRAMEWORK_HEADER = YES;
				CLANG_WARN_RANGE_LOOP_ANALYSIS = YES;
				CLANG_WARN_STRICT_PROTOTYPES = YES;
				CLANG_WARN_SUSPICIOUS_MOVE = YES;
				CLANG_WARN_UNGUARDED_AVAILABILITY = YES_AGGRESSIVE;
				CLANG_WARN_UNREACHABLE_CODE = YES;
				CLANG_WARN__DUPLICATE_METHOD_MATCH = YES;
				COPY_PHASE_STRIP = NO;
				DEBUG_INFORMATION_FORMAT = "dwarf-with-dsym";
				ENABLE_NS_ASSERTIONS = NO;
				ENABLE_STRICT_OBJC_MSGSEND = YES;
				ENABLE_USER_SCRIPT_SANDBOXING = YES;
				GCC_C_LANGUAGE_STANDARD = gnu17;
				GCC_NO_COMMON_BLOCKS = YES;
				GCC_WARN_64_TO_32_BIT_CONVERSION = YES;
				GCC_WARN_ABOUT_RETURN_TYPE = YES_ERROR;
				GCC_WARN_UNDECLARED_SELECTOR = YES;
				GCC_WARN_UNINITIALIZED_AUTOS = YES_AGGRESSIVE;
				GCC_WARN_UNUSED_FUNCTION = YES;
				GCC_WARN_UNUSED_VARIABLE = YES;
				IPHONEOS_DEPLOYMENT_TARGET = 17.0;
				LOCALIZATION_PREFERS_STRING_CATALOGS = YES;
				MTL_ENABLE_DEBUG_INFO = NO;
				MTL_FAST_MATH = YES;
				SDKROOT = iphoneos;
				SWIFT_COMPILATION_MODE = wholemodule;
				VALIDATE_PRODUCT = YES;
			};
			name = Release;
		};
		8947953E2B27C2E800ECA010 /* Debug */ = {
			isa = XCBuildConfiguration;
			buildSettings = {
				ASSETCATALOG_COMPILER_APPICON_NAME = AppIcon;
				ASSETCATALOG_COMPILER_GLOBAL_ACCENT_COLOR_NAME = AccentColor;
				CODE_SIGN_STYLE = Automatic;
				CURRENT_PROJECT_VERSION = 1;
				DEVELOPMENT_ASSET_PATHS = "\"Buds/Preview Content\"";
				DEVELOPMENT_TEAM = C7CDTC5F99;
				ENABLE_PREVIEWS = YES;
				GENERATE_INFOPLIST_FILE = YES;
				INFOPLIST_FILE = Buds/Info.plist;
				INFOPLIST_KEY_UIApplicationSceneManifest_Generation = YES;
				INFOPLIST_KEY_UIApplicationSupportsIndirectInputEvents = YES;
				INFOPLIST_KEY_UILaunchScreen_Generation = YES;
				INFOPLIST_KEY_UISupportedInterfaceOrientations_iPad = "UIInterfaceOrientationPortrait UIInterfaceOrientationPortraitUpsideDown UIInterfaceOrientationLandscapeLeft UIInterfaceOrientationLandscapeRight";
				INFOPLIST_KEY_UISupportedInterfaceOrientations_iPhone = "UIInterfaceOrientationPortrait UIInterfaceOrientationLandscapeLeft UIInterfaceOrientationLandscapeRight";
				LD_RUNPATH_SEARCH_PATHS = (
					"$(inherited)",
					"@executable_path/Frameworks",
				);
				MARKETING_VERSION = 1.0;
				PRODUCT_BUNDLE_IDENTIFIER = whiteapple.Buds;
				PRODUCT_NAME = "$(TARGET_NAME)";
				SWIFT_EMIT_LOC_STRINGS = YES;
				SWIFT_VERSION = 5.0;
				TARGETED_DEVICE_FAMILY = "1,2";
			};
			name = Debug;
		};
		8947953F2B27C2E800ECA010 /* Release */ = {
			isa = XCBuildConfiguration;
			buildSettings = {
				ASSETCATALOG_COMPILER_APPICON_NAME = AppIcon;
				ASSETCATALOG_COMPILER_GLOBAL_ACCENT_COLOR_NAME = AccentColor;
				CODE_SIGN_STYLE = Automatic;
				CURRENT_PROJECT_VERSION = 1;
				DEVELOPMENT_ASSET_PATHS = "\"Buds/Preview Content\"";
				DEVELOPMENT_TEAM = C7CDTC5F99;
				ENABLE_PREVIEWS = YES;
				GENERATE_INFOPLIST_FILE = YES;
				INFOPLIST_FILE = Buds/Info.plist;
				INFOPLIST_KEY_UIApplicationSceneManifest_Generation = YES;
				INFOPLIST_KEY_UIApplicationSupportsIndirectInputEvents = YES;
				INFOPLIST_KEY_UILaunchScreen_Generation = YES;
				INFOPLIST_KEY_UISupportedInterfaceOrientations_iPad = "UIInterfaceOrientationPortrait UIInterfaceOrientationPortraitUpsideDown UIInterfaceOrientationLandscapeLeft UIInterfaceOrientationLandscapeRight";
				INFOPLIST_KEY_UISupportedInterfaceOrientations_iPhone = "UIInterfaceOrientationPortrait UIInterfaceOrientationLandscapeLeft UIInterfaceOrientationLandscapeRight";
				LD_RUNPATH_SEARCH_PATHS = (
					"$(inherited)",
					"@executable_path/Frameworks",
				);
				MARKETING_VERSION = 1.0;
				PRODUCT_BUNDLE_IDENTIFIER = whiteapple.Buds;
				PRODUCT_NAME = "$(TARGET_NAME)";
				SWIFT_EMIT_LOC_STRINGS = YES;
				SWIFT_VERSION = 5.0;
				TARGETED_DEVICE_FAMILY = "1,2";
			};
			name = Release;
		};
		894795412B27C2E800ECA010 /* Debug */ = {
			isa = XCBuildConfiguration;
			buildSettings = {
				ALWAYS_EMBED_SWIFT_STANDARD_LIBRARIES = YES;
				BUNDLE_LOADER = "$(TEST_HOST)";
				CODE_SIGN_STYLE = Automatic;
				CURRENT_PROJECT_VERSION = 1;
				DEVELOPMENT_TEAM = C7CDTC5F99;
				GENERATE_INFOPLIST_FILE = YES;
				IPHONEOS_DEPLOYMENT_TARGET = 17.0;
				MARKETING_VERSION = 1.0;
				PRODUCT_BUNDLE_IDENTIFIER = whiteapple.BudsTests;
				PRODUCT_NAME = "$(TARGET_NAME)";
				SWIFT_EMIT_LOC_STRINGS = NO;
				SWIFT_VERSION = 5.0;
				TARGETED_DEVICE_FAMILY = "1,2";
				TEST_HOST = "$(BUILT_PRODUCTS_DIR)/Buds.app/$(BUNDLE_EXECUTABLE_FOLDER_PATH)/Buds";
			};
			name = Debug;
		};
		894795422B27C2E800ECA010 /* Release */ = {
			isa = XCBuildConfiguration;
			buildSettings = {
				ALWAYS_EMBED_SWIFT_STANDARD_LIBRARIES = YES;
				BUNDLE_LOADER = "$(TEST_HOST)";
				CODE_SIGN_STYLE = Automatic;
				CURRENT_PROJECT_VERSION = 1;
				DEVELOPMENT_TEAM = C7CDTC5F99;
				GENERATE_INFOPLIST_FILE = YES;
				IPHONEOS_DEPLOYMENT_TARGET = 17.0;
				MARKETING_VERSION = 1.0;
				PRODUCT_BUNDLE_IDENTIFIER = whiteapple.BudsTests;
				PRODUCT_NAME = "$(TARGET_NAME)";
				SWIFT_EMIT_LOC_STRINGS = NO;
				SWIFT_VERSION = 5.0;
				TARGETED_DEVICE_FAMILY = "1,2";
				TEST_HOST = "$(BUILT_PRODUCTS_DIR)/Buds.app/$(BUNDLE_EXECUTABLE_FOLDER_PATH)/Buds";
			};
			name = Release;
		};
		894795442B27C2E800ECA010 /* Debug */ = {
			isa = XCBuildConfiguration;
			buildSettings = {
				ALWAYS_EMBED_SWIFT_STANDARD_LIBRARIES = YES;
				CODE_SIGN_STYLE = Automatic;
				CURRENT_PROJECT_VERSION = 1;
				DEVELOPMENT_TEAM = C7CDTC5F99;
				GENERATE_INFOPLIST_FILE = YES;
				MARKETING_VERSION = 1.0;
				PRODUCT_BUNDLE_IDENTIFIER = whiteapple.BudsUITests;
				PRODUCT_NAME = "$(TARGET_NAME)";
				SWIFT_EMIT_LOC_STRINGS = NO;
				SWIFT_VERSION = 5.0;
				TARGETED_DEVICE_FAMILY = "1,2";
				TEST_TARGET_NAME = Buds;
			};
			name = Debug;
		};
		894795452B27C2E800ECA010 /* Release */ = {
			isa = XCBuildConfiguration;
			buildSettings = {
				ALWAYS_EMBED_SWIFT_STANDARD_LIBRARIES = YES;
				CODE_SIGN_STYLE = Automatic;
				CURRENT_PROJECT_VERSION = 1;
				DEVELOPMENT_TEAM = C7CDTC5F99;
				GENERATE_INFOPLIST_FILE = YES;
				MARKETING_VERSION = 1.0;
				PRODUCT_BUNDLE_IDENTIFIER = whiteapple.BudsUITests;
				PRODUCT_NAME = "$(TARGET_NAME)";
				SWIFT_EMIT_LOC_STRINGS = NO;
				SWIFT_VERSION = 5.0;
				TARGETED_DEVICE_FAMILY = "1,2";
				TEST_TARGET_NAME = Buds;
			};
			name = Release;
		};
/* End XCBuildConfiguration section */

/* Begin XCConfigurationList section */
		894795142B27C2E700ECA010 /* Build configuration list for PBXProject "Buds" */ = {
			isa = XCConfigurationList;
			buildConfigurations = (
				8947953B2B27C2E800ECA010 /* Debug */,
				8947953C2B27C2E800ECA010 /* Release */,
			);
			defaultConfigurationIsVisible = 0;
			defaultConfigurationName = Release;
		};
		8947953D2B27C2E800ECA010 /* Build configuration list for PBXNativeTarget "Buds" */ = {
			isa = XCConfigurationList;
			buildConfigurations = (
				8947953E2B27C2E800ECA010 /* Debug */,
				8947953F2B27C2E800ECA010 /* Release */,
			);
			defaultConfigurationIsVisible = 0;
			defaultConfigurationName = Release;
		};
		894795402B27C2E800ECA010 /* Build configuration list for PBXNativeTarget "BudsTests" */ = {
			isa = XCConfigurationList;
			buildConfigurations = (
				894795412B27C2E800ECA010 /* Debug */,
				894795422B27C2E800ECA010 /* Release */,
			);
			defaultConfigurationIsVisible = 0;
			defaultConfigurationName = Release;
		};
		894795432B27C2E800ECA010 /* Build configuration list for PBXNativeTarget "BudsUITests" */ = {
			isa = XCConfigurationList;
			buildConfigurations = (
				894795442B27C2E800ECA010 /* Debug */,
				894795452B27C2E800ECA010 /* Release */,
			);
			defaultConfigurationIsVisible = 0;
			defaultConfigurationName = Release;
		};
/* End XCConfigurationList section */
	};
	rootObject = 894795112B27C2E700ECA010 /* Project object */;
}
